// !$*UTF8*$!
{
	archiveVersion = 1;
	classes = {
	};
	objectVersion = 55;
	objects = {

/* Begin PBXBuildFile section */
		0018220227FC164C009A437C /* AppDelegate.swift in Sources */ = {isa = PBXBuildFile; fileRef = 0018220127FC164C009A437C /* AppDelegate.swift */; };
		0018220427FC164C009A437C /* SceneDelegate.swift in Sources */ = {isa = PBXBuildFile; fileRef = 0018220327FC164C009A437C /* SceneDelegate.swift */; };
		0018220627FC164C009A437C /* HomeViewController.swift in Sources */ = {isa = PBXBuildFile; fileRef = 0018220527FC164C009A437C /* HomeViewController.swift */; };
		0018220B27FC164E009A437C /* Assets.xcassets in Resources */ = {isa = PBXBuildFile; fileRef = 0018220A27FC164E009A437C /* Assets.xcassets */; };
		0018220E27FC164E009A437C /* LaunchScreen.storyboard in Resources */ = {isa = PBXBuildFile; fileRef = 0018220C27FC164E009A437C /* LaunchScreen.storyboard */; };
		0018221C27FC1C15009A437C /* TabBarViewController.swift in Sources */ = {isa = PBXBuildFile; fileRef = 0018221B27FC1C15009A437C /* TabBarViewController.swift */; };
		0018222027FC1C76009A437C /* SearchViewController.swift in Sources */ = {isa = PBXBuildFile; fileRef = 0018221F27FC1C76009A437C /* SearchViewController.swift */; };
		0018222327FC1CBE009A437C /* LibraryViewController.swift in Sources */ = {isa = PBXBuildFile; fileRef = 0018222227FC1CBE009A437C /* LibraryViewController.swift */; };
		0018222627FC1D44009A437C /* AuthViewController.swift in Sources */ = {isa = PBXBuildFile; fileRef = 0018222527FC1D44009A437C /* AuthViewController.swift */; };
		0018222827FC1D5D009A437C /* WelcomeViewController.swift in Sources */ = {isa = PBXBuildFile; fileRef = 0018222727FC1D5D009A437C /* WelcomeViewController.swift */; };
		0018222A27FC1D81009A437C /* SettingsViewController.swift in Sources */ = {isa = PBXBuildFile; fileRef = 0018222927FC1D81009A437C /* SettingsViewController.swift */; };
		0018222C27FC1DB6009A437C /* ProfileViewController.swift in Sources */ = {isa = PBXBuildFile; fileRef = 0018222B27FC1DB6009A437C /* ProfileViewController.swift */; };
		0018222E27FC1DCC009A437C /* PlayerViewController.swift in Sources */ = {isa = PBXBuildFile; fileRef = 0018222D27FC1DCC009A437C /* PlayerViewController.swift */; };
		0018223027FC1DEF009A437C /* PlaylistViewController.swift in Sources */ = {isa = PBXBuildFile; fileRef = 0018222F27FC1DEF009A437C /* PlaylistViewController.swift */; };
		0018223227FC1E1F009A437C /* SearchResultViewController.swift in Sources */ = {isa = PBXBuildFile; fileRef = 0018223127FC1E1F009A437C /* SearchResultViewController.swift */; };
		0018223427FC1E8C009A437C /* AuthManager.swift in Sources */ = {isa = PBXBuildFile; fileRef = 0018223327FC1E8C009A437C /* AuthManager.swift */; };
		0018223627FC1EA1009A437C /* APICaller.swift in Sources */ = {isa = PBXBuildFile; fileRef = 0018223527FC1EA1009A437C /* APICaller.swift */; };
		0018223827FC1EC0009A437C /* HapticsManager.swift in Sources */ = {isa = PBXBuildFile; fileRef = 0018223727FC1EC0009A437C /* HapticsManager.swift */; };
		0018223A27FC1F2C009A437C /* Playlist.swift in Sources */ = {isa = PBXBuildFile; fileRef = 0018223927FC1F2C009A437C /* Playlist.swift */; };
		0018223C27FC1F3A009A437C /* AudioTrack.swift in Sources */ = {isa = PBXBuildFile; fileRef = 0018223B27FC1F3A009A437C /* AudioTrack.swift */; };
		0018223E27FC1F4C009A437C /* Artist.swift in Sources */ = {isa = PBXBuildFile; fileRef = 0018223D27FC1F4C009A437C /* Artist.swift */; };
		0018224027FC1F5A009A437C /* UserProfile.swift in Sources */ = {isa = PBXBuildFile; fileRef = 0018223F27FC1F5A009A437C /* UserProfile.swift */; };
/* End PBXBuildFile section */

/* Begin PBXFileReference section */
		001821FE27FC164C009A437C /* Spotify.app */ = {isa = PBXFileReference; explicitFileType = wrapper.application; includeInIndex = 0; path = Spotify.app; sourceTree = BUILT_PRODUCTS_DIR; };
		0018220127FC164C009A437C /* AppDelegate.swift */ = {isa = PBXFileReference; lastKnownFileType = sourcecode.swift; path = AppDelegate.swift; sourceTree = "<group>"; };
		0018220327FC164C009A437C /* SceneDelegate.swift */ = {isa = PBXFileReference; lastKnownFileType = sourcecode.swift; path = SceneDelegate.swift; sourceTree = "<group>"; };
		0018220527FC164C009A437C /* HomeViewController.swift */ = {isa = PBXFileReference; lastKnownFileType = sourcecode.swift; path = HomeViewController.swift; sourceTree = "<group>"; };
		0018220A27FC164E009A437C /* Assets.xcassets */ = {isa = PBXFileReference; lastKnownFileType = folder.assetcatalog; path = Assets.xcassets; sourceTree = "<group>"; };
		0018220D27FC164E009A437C /* Base */ = {isa = PBXFileReference; lastKnownFileType = file.storyboard; name = Base; path = Base.lproj/LaunchScreen.storyboard; sourceTree = "<group>"; };
		0018220F27FC164E009A437C /* Info.plist */ = {isa = PBXFileReference; lastKnownFileType = text.plist.xml; path = Info.plist; sourceTree = "<group>"; };
		0018221B27FC1C15009A437C /* TabBarViewController.swift */ = {isa = PBXFileReference; lastKnownFileType = sourcecode.swift; path = TabBarViewController.swift; sourceTree = "<group>"; };
		0018221F27FC1C76009A437C /* SearchViewController.swift */ = {isa = PBXFileReference; lastKnownFileType = sourcecode.swift; path = SearchViewController.swift; sourceTree = "<group>"; };
		0018222227FC1CBE009A437C /* LibraryViewController.swift */ = {isa = PBXFileReference; lastKnownFileType = sourcecode.swift; path = LibraryViewController.swift; sourceTree = "<group>"; };
		0018222527FC1D44009A437C /* AuthViewController.swift */ = {isa = PBXFileReference; lastKnownFileType = sourcecode.swift; path = AuthViewController.swift; sourceTree = "<group>"; };
		0018222727FC1D5D009A437C /* WelcomeViewController.swift */ = {isa = PBXFileReference; lastKnownFileType = sourcecode.swift; path = WelcomeViewController.swift; sourceTree = "<group>"; };
		0018222927FC1D81009A437C /* SettingsViewController.swift */ = {isa = PBXFileReference; lastKnownFileType = sourcecode.swift; path = SettingsViewController.swift; sourceTree = "<group>"; };
		0018222B27FC1DB6009A437C /* ProfileViewController.swift */ = {isa = PBXFileReference; lastKnownFileType = sourcecode.swift; path = ProfileViewController.swift; sourceTree = "<group>"; };
		0018222D27FC1DCC009A437C /* PlayerViewController.swift */ = {isa = PBXFileReference; lastKnownFileType = sourcecode.swift; path = PlayerViewController.swift; sourceTree = "<group>"; };
		0018222F27FC1DEF009A437C /* PlaylistViewController.swift */ = {isa = PBXFileReference; lastKnownFileType = sourcecode.swift; path = PlaylistViewController.swift; sourceTree = "<group>"; };
		0018223127FC1E1F009A437C /* SearchResultViewController.swift */ = {isa = PBXFileReference; lastKnownFileType = sourcecode.swift; path = SearchResultViewController.swift; sourceTree = "<group>"; };
		0018223327FC1E8C009A437C /* AuthManager.swift */ = {isa = PBXFileReference; lastKnownFileType = sourcecode.swift; path = AuthManager.swift; sourceTree = "<group>"; };
		0018223527FC1EA1009A437C /* APICaller.swift */ = {isa = PBXFileReference; lastKnownFileType = sourcecode.swift; path = APICaller.swift; sourceTree = "<group>"; };
		0018223727FC1EC0009A437C /* HapticsManager.swift */ = {isa = PBXFileReference; lastKnownFileType = sourcecode.swift; path = HapticsManager.swift; sourceTree = "<group>"; };
		0018223927FC1F2C009A437C /* Playlist.swift */ = {isa = PBXFileReference; lastKnownFileType = sourcecode.swift; path = Playlist.swift; sourceTree = "<group>"; };
		0018223B27FC1F3A009A437C /* AudioTrack.swift */ = {isa = PBXFileReference; lastKnownFileType = sourcecode.swift; path = AudioTrack.swift; sourceTree = "<group>"; };
		0018223D27FC1F4C009A437C /* Artist.swift */ = {isa = PBXFileReference; lastKnownFileType = sourcecode.swift; path = Artist.swift; sourceTree = "<group>"; };
		0018223F27FC1F5A009A437C /* UserProfile.swift */ = {isa = PBXFileReference; lastKnownFileType = sourcecode.swift; path = UserProfile.swift; sourceTree = "<group>"; };
/* End PBXFileReference section */

/* Begin PBXFrameworksBuildPhase section */
		001821FB27FC164C009A437C /* Frameworks */ = {
			isa = PBXFrameworksBuildPhase;
			buildActionMask = 2147483647;
			files = (
			);
			runOnlyForDeploymentPostprocessing = 0;
		};
/* End PBXFrameworksBuildPhase section */

/* Begin PBXGroup section */
		001821F527FC164C009A437C = {
			isa = PBXGroup;
			children = (
				0018220027FC164C009A437C /* Spotify */,
				001821FF27FC164C009A437C /* Products */,
			);
			sourceTree = "<group>";
		};
		001821FF27FC164C009A437C /* Products */ = {
			isa = PBXGroup;
			children = (
				001821FE27FC164C009A437C /* Spotify.app */,
			);
			name = Products;
			sourceTree = "<group>";
		};
		0018220027FC164C009A437C /* Spotify */ = {
			isa = PBXGroup;
			children = (
				0018221527FC1825009A437C /* Resources */,
				0018221927FC186A009A437C /* Managers */,
				0018221827FC1852009A437C /* Controllers */,
				0018221727FC1849009A437C /* Models */,
				0018221627FC183D009A437C /* Views */,
				0018220F27FC164E009A437C /* Info.plist */,
			);
			path = Spotify;
			sourceTree = "<group>";
		};
		0018221527FC1825009A437C /* Resources */ = {
			isa = PBXGroup;
			children = (
				0018220127FC164C009A437C /* AppDelegate.swift */,
				0018220327FC164C009A437C /* SceneDelegate.swift */,
				0018220A27FC164E009A437C /* Assets.xcassets */,
			);
			path = Resources;
			sourceTree = "<group>";
		};
		0018221627FC183D009A437C /* Views */ = {
			isa = PBXGroup;
			children = (
				0018220C27FC164E009A437C /* LaunchScreen.storyboard */,
			);
			path = Views;
			sourceTree = "<group>";
		};
		0018221727FC1849009A437C /* Models */ = {
			isa = PBXGroup;
			children = (
				0018223927FC1F2C009A437C /* Playlist.swift */,
				0018223B27FC1F3A009A437C /* AudioTrack.swift */,
				0018223D27FC1F4C009A437C /* Artist.swift */,
				0018223F27FC1F5A009A437C /* UserProfile.swift */,
			);
			path = Models;
			sourceTree = "<group>";
		};
		0018221827FC1852009A437C /* Controllers */ = {
			isa = PBXGroup;
			children = (
				0018221A27FC1B98009A437C /* TabBarViewController */,
				0018222427FC1D0C009A437C /* Other */,
			);
			path = Controllers;
			sourceTree = "<group>";
		};
		0018221927FC186A009A437C /* Managers */ = {
			isa = PBXGroup;
			children = (
				0018223327FC1E8C009A437C /* AuthManager.swift */,
				0018223527FC1EA1009A437C /* APICaller.swift */,
				0018223727FC1EC0009A437C /* HapticsManager.swift */,
			);
			path = Managers;
			sourceTree = "<group>";
		};
		0018221A27FC1B98009A437C /* TabBarViewController */ = {
			isa = PBXGroup;
			children = (
				0018221B27FC1C15009A437C /* TabBarViewController.swift */,
				0018221E27FC1C57009A437C /* SearchViewController */,
				0018222127FC1CA0009A437C /* LibraryViewController */,
				0018221D27FC1C2E009A437C /* HomeViewController */,
			);
			path = TabBarViewController;
			sourceTree = "<group>";
		};
		0018221D27FC1C2E009A437C /* HomeViewController */ = {
			isa = PBXGroup;
			children = (
				0018220527FC164C009A437C /* HomeViewController.swift */,
			);
			path = HomeViewController;
			sourceTree = "<group>";
		};
		0018221E27FC1C57009A437C /* SearchViewController */ = {
			isa = PBXGroup;
			children = (
				0018221F27FC1C76009A437C /* SearchViewController.swift */,
			);
			path = SearchViewController;
			sourceTree = "<group>";
		};
		0018222127FC1CA0009A437C /* LibraryViewController */ = {
			isa = PBXGroup;
			children = (
				0018222227FC1CBE009A437C /* LibraryViewController.swift */,
			);
			path = LibraryViewController;
			sourceTree = "<group>";
		};
		0018222427FC1D0C009A437C /* Other */ = {
			isa = PBXGroup;
			children = (
				0018222527FC1D44009A437C /* AuthViewController.swift */,
				0018222727FC1D5D009A437C /* WelcomeViewController.swift */,
				0018222927FC1D81009A437C /* SettingsViewController.swift */,
				0018222B27FC1DB6009A437C /* ProfileViewController.swift */,
				0018222D27FC1DCC009A437C /* PlayerViewController.swift */,
				0018222F27FC1DEF009A437C /* PlaylistViewController.swift */,
				0018223127FC1E1F009A437C /* SearchResultViewController.swift */,
			);
			path = Other;
			sourceTree = "<group>";
		};
/* End PBXGroup section */

/* Begin PBXNativeTarget section */
		001821FD27FC164C009A437C /* Spotify */ = {
			isa = PBXNativeTarget;
			buildConfigurationList = 0018221227FC164E009A437C /* Build configuration list for PBXNativeTarget "Spotify" */;
			buildPhases = (
				001821FA27FC164C009A437C /* Sources */,
				001821FB27FC164C009A437C /* Frameworks */,
				001821FC27FC164C009A437C /* Resources */,
			);
			buildRules = (
			);
			dependencies = (
			);
			name = Spotify;
			productName = Spotify;
			productReference = 001821FE27FC164C009A437C /* Spotify.app */;
			productType = "com.apple.product-type.application";
		};
/* End PBXNativeTarget section */

/* Begin PBXProject section */
		001821F627FC164C009A437C /* Project object */ = {
			isa = PBXProject;
			attributes = {
				BuildIndependentTargetsInParallel = 1;
				LastSwiftUpdateCheck = 1330;
				LastUpgradeCheck = 1330;
				TargetAttributes = {
					001821FD27FC164C009A437C = {
						CreatedOnToolsVersion = 13.3;
					};
				};
			};
			buildConfigurationList = 001821F927FC164C009A437C /* Build configuration list for PBXProject "Spotify" */;
			compatibilityVersion = "Xcode 13.0";
			developmentRegion = en;
			hasScannedForEncodings = 0;
			knownRegions = (
				en,
				Base,
			);
			mainGroup = 001821F527FC164C009A437C;
			productRefGroup = 001821FF27FC164C009A437C /* Products */;
			projectDirPath = "";
			projectRoot = "";
			targets = (
				001821FD27FC164C009A437C /* Spotify */,
			);
		};
/* End PBXProject section */

/* Begin PBXResourcesBuildPhase section */
		001821FC27FC164C009A437C /* Resources */ = {
			isa = PBXResourcesBuildPhase;
			buildActionMask = 2147483647;
			files = (
				0018220E27FC164E009A437C /* LaunchScreen.storyboard in Resources */,
				0018220B27FC164E009A437C /* Assets.xcassets in Resources */,
			);
			runOnlyForDeploymentPostprocessing = 0;
		};
/* End PBXResourcesBuildPhase section */

/* Begin PBXSourcesBuildPhase section */
		001821FA27FC164C009A437C /* Sources */ = {
			isa = PBXSourcesBuildPhase;
			buildActionMask = 2147483647;
			files = (
				0018222027FC1C76009A437C /* SearchViewController.swift in Sources */,
				0018223A27FC1F2C009A437C /* Playlist.swift in Sources */,
				0018223427FC1E8C009A437C /* AuthManager.swift in Sources */,
				0018222827FC1D5D009A437C /* WelcomeViewController.swift in Sources */,
				0018222C27FC1DB6009A437C /* ProfileViewController.swift in Sources */,
				0018221C27FC1C15009A437C /* TabBarViewController.swift in Sources */,
				0018220627FC164C009A437C /* HomeViewController.swift in Sources */,
				0018223827FC1EC0009A437C /* HapticsManager.swift in Sources */,
				0018223C27FC1F3A009A437C /* AudioTrack.swift in Sources */,
				0018222627FC1D44009A437C /* AuthViewController.swift in Sources */,
				0018220227FC164C009A437C /* AppDelegate.swift in Sources */,
				0018222327FC1CBE009A437C /* LibraryViewController.swift in Sources */,
				0018224027FC1F5A009A437C /* UserProfile.swift in Sources */,
				0018223027FC1DEF009A437C /* PlaylistViewController.swift in Sources */,
				0018223E27FC1F4C009A437C /* Artist.swift in Sources */,
				0018220427FC164C009A437C /* SceneDelegate.swift in Sources */,
				0018222E27FC1DCC009A437C /* PlayerViewController.swift in Sources */,
				0018223227FC1E1F009A437C /* SearchResultViewController.swift in Sources */,
				0018223627FC1EA1009A437C /* APICaller.swift in Sources */,
				0018222A27FC1D81009A437C /* SettingsViewController.swift in Sources */,
			);
			runOnlyForDeploymentPostprocessing = 0;
		};
/* End PBXSourcesBuildPhase section */

/* Begin PBXVariantGroup section */
		0018220C27FC164E009A437C /* LaunchScreen.storyboard */ = {
			isa = PBXVariantGroup;
			children = (
				0018220D27FC164E009A437C /* Base */,
			);
			name = LaunchScreen.storyboard;
			sourceTree = "<group>";
		};
/* End PBXVariantGroup section */

/* Begin XCBuildConfiguration section */
		0018221027FC164E009A437C /* Debug */ = {
			isa = XCBuildConfiguration;
			buildSettings = {
				ALWAYS_SEARCH_USER_PATHS = NO;
				CLANG_ANALYZER_NONNULL = YES;
				CLANG_ANALYZER_NUMBER_OBJECT_CONVERSION = YES_AGGRESSIVE;
				CLANG_CXX_LANGUAGE_STANDARD = "gnu++17";
				CLANG_ENABLE_MODULES = YES;
				CLANG_ENABLE_OBJC_ARC = YES;
				CLANG_ENABLE_OBJC_WEAK = YES;
				CLANG_WARN_BLOCK_CAPTURE_AUTORELEASING = YES;
				CLANG_WARN_BOOL_CONVERSION = YES;
				CLANG_WARN_COMMA = YES;
				CLANG_WARN_CONSTANT_CONVERSION = YES;
				CLANG_WARN_DEPRECATED_OBJC_IMPLEMENTATIONS = YES;
				CLANG_WARN_DIRECT_OBJC_ISA_USAGE = YES_ERROR;
				CLANG_WARN_DOCUMENTATION_COMMENTS = YES;
				CLANG_WARN_EMPTY_BODY = YES;
				CLANG_WARN_ENUM_CONVERSION = YES;
				CLANG_WARN_INFINITE_RECURSION = YES;
				CLANG_WARN_INT_CONVERSION = YES;
				CLANG_WARN_NON_LITERAL_NULL_CONVERSION = YES;
				CLANG_WARN_OBJC_IMPLICIT_RETAIN_SELF = YES;
				CLANG_WARN_OBJC_LITERAL_CONVERSION = YES;
				CLANG_WARN_OBJC_ROOT_CLASS = YES_ERROR;
				CLANG_WARN_QUOTED_INCLUDE_IN_FRAMEWORK_HEADER = YES;
				CLANG_WARN_RANGE_LOOP_ANALYSIS = YES;
				CLANG_WARN_STRICT_PROTOTYPES = YES;
				CLANG_WARN_SUSPICIOUS_MOVE = YES;
				CLANG_WARN_UNGUARDED_AVAILABILITY = YES_AGGRESSIVE;
				CLANG_WARN_UNREACHABLE_CODE = YES;
				CLANG_WARN__DUPLICATE_METHOD_MATCH = YES;
				COPY_PHASE_STRIP = NO;
				DEBUG_INFORMATION_FORMAT = dwarf;
				ENABLE_STRICT_OBJC_MSGSEND = YES;
				ENABLE_TESTABILITY = YES;
				GCC_C_LANGUAGE_STANDARD = gnu11;
				GCC_DYNAMIC_NO_PIC = NO;
				GCC_NO_COMMON_BLOCKS = YES;
				GCC_OPTIMIZATION_LEVEL = 0;
				GCC_PREPROCESSOR_DEFINITIONS = (
					"DEBUG=1",
					"$(inherited)",
				);
				GCC_WARN_64_TO_32_BIT_CONVERSION = YES;
				GCC_WARN_ABOUT_RETURN_TYPE = YES_ERROR;
				GCC_WARN_UNDECLARED_SELECTOR = YES;
				GCC_WARN_UNINITIALIZED_AUTOS = YES_AGGRESSIVE;
				GCC_WARN_UNUSED_FUNCTION = YES;
				GCC_WARN_UNUSED_VARIABLE = YES;
				IPHONEOS_DEPLOYMENT_TARGET = 15.4;
				MTL_ENABLE_DEBUG_INFO = INCLUDE_SOURCE;
				MTL_FAST_MATH = YES;
				ONLY_ACTIVE_ARCH = YES;
				SDKROOT = iphoneos;
				SWIFT_ACTIVE_COMPILATION_CONDITIONS = DEBUG;
				SWIFT_OPTIMIZATION_LEVEL = "-Onone";
			};
			name = Debug;
		};
		0018221127FC164E009A437C /* Release */ = {
			isa = XCBuildConfiguration;
			buildSettings = {
				ALWAYS_SEARCH_USER_PATHS = NO;
				CLANG_ANALYZER_NONNULL = YES;
				CLANG_ANALYZER_NUMBER_OBJECT_CONVERSION = YES_AGGRESSIVE;
				CLANG_CXX_LANGUAGE_STANDARD = "gnu++17";
				CLANG_ENABLE_MODULES = YES;
				CLANG_ENABLE_OBJC_ARC = YES;
				CLANG_ENABLE_OBJC_WEAK = YES;
				CLANG_WARN_BLOCK_CAPTURE_AUTORELEASING = YES;
				CLANG_WARN_BOOL_CONVERSION = YES;
				CLANG_WARN_COMMA = YES;
				CLANG_WARN_CONSTANT_CONVERSION = YES;
				CLANG_WARN_DEPRECATED_OBJC_IMPLEMENTATIONS = YES;
				CLANG_WARN_DIRECT_OBJC_ISA_USAGE = YES_ERROR;
				CLANG_WARN_DOCUMENTATION_COMMENTS = YES;
				CLANG_WARN_EMPTY_BODY = YES;
				CLANG_WARN_ENUM_CONVERSION = YES;
				CLANG_WARN_INFINITE_RECURSION = YES;
				CLANG_WARN_INT_CONVERSION = YES;
				CLANG_WARN_NON_LITERAL_NULL_CONVERSION = YES;
				CLANG_WARN_OBJC_IMPLICIT_RETAIN_SELF = YES;
				CLANG_WARN_OBJC_LITERAL_CONVERSION = YES;
				CLANG_WARN_OBJC_ROOT_CLASS = YES_ERROR;
				CLANG_WARN_QUOTED_INCLUDE_IN_FRAMEWORK_HEADER = YES;
				CLANG_WARN_RANGE_LOOP_ANALYSIS = YES;
				CLANG_WARN_STRICT_PROTOTYPES = YES;
				CLANG_WARN_SUSPICIOUS_MOVE = YES;
				CLANG_WARN_UNGUARDED_AVAILABILITY = YES_AGGRESSIVE;
				CLANG_WARN_UNREACHABLE_CODE = YES;
				CLANG_WARN__DUPLICATE_METHOD_MATCH = YES;
				COPY_PHASE_STRIP = NO;
				DEBUG_INFORMATION_FORMAT = "dwarf-with-dsym";
				ENABLE_NS_ASSERTIONS = NO;
				ENABLE_STRICT_OBJC_MSGSEND = YES;
				GCC_C_LANGUAGE_STANDARD = gnu11;
				GCC_NO_COMMON_BLOCKS = YES;
				GCC_WARN_64_TO_32_BIT_CONVERSION = YES;
				GCC_WARN_ABOUT_RETURN_TYPE = YES_ERROR;
				GCC_WARN_UNDECLARED_SELECTOR = YES;
				GCC_WARN_UNINITIALIZED_AUTOS = YES_AGGRESSIVE;
				GCC_WARN_UNUSED_FUNCTION = YES;
				GCC_WARN_UNUSED_VARIABLE = YES;
				IPHONEOS_DEPLOYMENT_TARGET = 15.4;
				MTL_ENABLE_DEBUG_INFO = NO;
				MTL_FAST_MATH = YES;
				SDKROOT = iphoneos;
				SWIFT_COMPILATION_MODE = wholemodule;
				SWIFT_OPTIMIZATION_LEVEL = "-O";
				VALIDATE_PRODUCT = YES;
			};
			name = Release;
		};
		0018221327FC164E009A437C /* Debug */ = {
			isa = XCBuildConfiguration;
			buildSettings = {
				ASSETCATALOG_COMPILER_APPICON_NAME = AppIcon;
				ASSETCATALOG_COMPILER_GLOBAL_ACCENT_COLOR_NAME = AccentColor;
				CODE_SIGN_STYLE = Automatic;
				CURRENT_PROJECT_VERSION = 1;
				GENERATE_INFOPLIST_FILE = YES;
				INFOPLIST_FILE = Spotify/Info.plist;
				INFOPLIST_KEY_UIApplicationSupportsIndirectInputEvents = YES;
				INFOPLIST_KEY_UILaunchStoryboardName = LaunchScreen;
				INFOPLIST_KEY_UISupportedInterfaceOrientations_iPad = "UIInterfaceOrientationPortrait UIInterfaceOrientationPortraitUpsideDown UIInterfaceOrientationLandscapeLeft UIInterfaceOrientationLandscapeRight";
				INFOPLIST_KEY_UISupportedInterfaceOrientations_iPhone = "UIInterfaceOrientationPortrait UIInterfaceOrientationLandscapeLeft UIInterfaceOrientationLandscapeRight";
				LD_RUNPATH_SEARCH_PATHS = (
					"$(inherited)",
					"@executable_path/Frameworks",
				);
				MARKETING_VERSION = 1.0;
				PRODUCT_BUNDLE_IDENTIFIER = com.personal1.Spotify;
				PRODUCT_NAME = "$(TARGET_NAME)";
				SWIFT_EMIT_LOC_STRINGS = YES;
				SWIFT_VERSION = 5.0;
				TARGETED_DEVICE_FAMILY = "1,2";
			};
			name = Debug;
		};
		0018221427FC164E009A437C /* Release */ = {
			isa = XCBuildConfiguration;
			buildSettings = {
				ASSETCATALOG_COMPILER_APPICON_NAME = AppIcon;
				ASSETCATALOG_COMPILER_GLOBAL_ACCENT_COLOR_NAME = AccentColor;
				CODE_SIGN_STYLE = Automatic;
				CURRENT_PROJECT_VERSION = 1;
				GENERATE_INFOPLIST_FILE = YES;
				INFOPLIST_FILE = Spotify/Info.plist;
				INFOPLIST_KEY_UIApplicationSupportsIndirectInputEvents = YES;
				INFOPLIST_KEY_UILaunchStoryboardName = LaunchScreen;
				INFOPLIST_KEY_UISupportedInterfaceOrientations_iPad = "UIInterfaceOrientationPortrait UIInterfaceOrientationPortraitUpsideDown UIInterfaceOrientationLandscapeLeft UIInterfaceOrientationLandscapeRight";
				INFOPLIST_KEY_UISupportedInterfaceOrientations_iPhone = "UIInterfaceOrientationPortrait UIInterfaceOrientationLandscapeLeft UIInterfaceOrientationLandscapeRight";
				LD_RUNPATH_SEARCH_PATHS = (
					"$(inherited)",
					"@executable_path/Frameworks",
				);
				MARKETING_VERSION = 1.0;
				PRODUCT_BUNDLE_IDENTIFIER = com.personal1.Spotify;
				PRODUCT_NAME = "$(TARGET_NAME)";
				SWIFT_EMIT_LOC_STRINGS = YES;
				SWIFT_VERSION = 5.0;
				TARGETED_DEVICE_FAMILY = "1,2";
			};
			name = Release;
		};
/* End XCBuildConfiguration section */

/* Begin XCConfigurationList section */
		001821F927FC164C009A437C /* Build configuration list for PBXProject "Spotify" */ = {
			isa = XCConfigurationList;
			buildConfigurations = (
				0018221027FC164E009A437C /* Debug */,
				0018221127FC164E009A437C /* Release */,
			);
			defaultConfigurationIsVisible = 0;
			defaultConfigurationName = Release;
		};
		0018221227FC164E009A437C /* Build configuration list for PBXNativeTarget "Spotify" */ = {
			isa = XCConfigurationList;
			buildConfigurations = (
				0018221327FC164E009A437C /* Debug */,
				0018221427FC164E009A437C /* Release */,
			);
			defaultConfigurationIsVisible = 0;
			defaultConfigurationName = Release;
		};
/* End XCConfigurationList section */
	};
	rootObject = 001821F627FC164C009A437C /* Project object */;
}
